
Microsoft Visual Studio Solution File, Format Version 12.00
# Visual Studio Version 16
VisualStudioVersion = 16.0.29609.76
MinimumVisualStudioVersion = 10.0.40219.1
Project("{FAE04EC0-301F-11D3-BF4B-00C04F79EFBC}") = "SharpDXAudioTest", "SharpDXAudioTest\SharpDXAudioTest.csproj", "{E0B55480-FEE4-44FF-9722-AC159E4B9C80}"
EndProject
Global
	GlobalSection(SolutionConfigurationPlatforms) = preSolution
		Debug|Any CPU = Debug|Any CPU
		Release|Any CPU = Release|Any CPU
	EndGlobalSection
	GlobalSection(ProjectConfigurationPlatforms) = postSolution
		{E0B55480-FEE4-44FF-9722-AC159E4B9C80}.Debug|Any CPU.ActiveCfg = Debug|Any CPU
		{E0B55480-FEE4-44FF-9722-AC159E4B9C80}.Debug|Any CPU.Build.0 = Debug|Any CPU
		{E0B55480-FEE4-44FF-9722-AC159E4B9C80}.Release|Any CPU.ActiveCfg = Release|Any CPU
		{E0B55480-FEE4-44FF-9722-AC159E4B9C80}.Release|Any CPU.Build.0 = Release|Any CPU
	EndGlobalSection
	GlobalSection(SolutionProperties) = preSolution
		HideSolutionNode = FALSE
	EndGlobalSection
	GlobalSection(ExtensibilityGlobals) = postSolution
		SolutionGuid = {22AB510D-BEB0-4DDE-AE72-90599283A07C}
	EndGlobalSection
EndGlobal
